
Microsoft Visual Studio Solution File, Format Version 12.00
# Visual Studio Version 16
VisualStudioVersion = 16.0.32929.386
MinimumVisualStudioVersion = 10.0.40219.1
Project("{2150E333-8FDC-42A3-9474-1A3956D46DE8}") = "Cours_01", "Cours_01", "{57BFDC3B-43B4-44B3-8B48-72EB5810BD48}"
EndProject
Project("{2150E333-8FDC-42A3-9474-1A3956D46DE8}") = "Cours_02", "Cours_02", "{F964785B-4550-41C9-AED5-CC3BC2CC78D5}"
EndProject
Project("{9A19103F-16F7-4668-BE54-9A1E7A4F7556}") = "PremiereAppWPF", "Cours_01\PremiereAppWPF.csproj", "{9E7C8AF3-C1B5-4BF9-867F-9D1E6E0154BB}"
EndProject
Project("{9A19103F-16F7-4668-BE54-9A1E7A4F7556}") = "SplitGrid", "Cours_02\SplitGrid\SplitGrid.csproj", "{980AA935-7BA1-4E6C-BDEB-BDC38CF0D793}"
EndProject
Project("{9A19103F-16F7-4668-BE54-9A1E7A4F7556}") = "ControlesDeBase", "Cours_02\ControlesDeBase\ControlesDeBase.csproj", "{A466399D-5FF5-4E52-BF1B-61D25810E48B}"
EndProject
Project("{2150E333-8FDC-42A3-9474-1A3956D46DE8}") = "Cours_03", "Cours_03", "{98CCFA6D-A32C-4122-9D86-C8295DE2F4B5}"
EndProject
Project("{9A19103F-16F7-4668-BE54-9A1E7A4F7556}") = "Liste", "Cours_03\Liste\Liste.csproj", "{5030BF9B-A384-49B1-8683-F8A5ACA1F41A}"
EndProject
Project("{9A19103F-16F7-4668-BE54-9A1E7A4F7556}") = "ListeImages", "Cours_03\ListeImages\ListeImages.csproj", "{653DCC6A-0ED0-437F-B0C9-742CEF295824}"
EndProject
Project("{9A19103F-16F7-4668-BE54-9A1E7A4F7556}") = "ListeView", "Cours_03\ListeView\ListeView.csproj", "{1CC42A33-4867-403B-AC7B-8C4CD28064F6}"
EndProject
Project("{2150E333-8FDC-42A3-9474-1A3956D46DE8}") = "Cours_04", "Cours_04", "{EAF590EC-6DD8-44A4-A1A0-BBAED317C7D1}"
EndProject
Project("{9A19103F-16F7-4668-BE54-9A1E7A4F7556}") = "ListeViewMVVM", "Cours_04\ListeView\ListeViewMVVM.csproj", "{810595E4-6879-4075-8A99-AEEA945CA653}"
EndProject
Project("{2150E333-8FDC-42A3-9474-1A3956D46DE8}") = "Cours_05", "Cours_05", "{67DE8DC5-6580-4D6A-9247-F234A09546DE}"
EndProject
Project("{9A19103F-16F7-4668-BE54-9A1E7A4F7556}") = "ComboBoxes", "Cours_05\ComboBoxes\ComboBoxes.csproj", "{7190E0EC-E68C-4A6B-A2A5-C71AE78D180B}"
EndProject
Project("{9A19103F-16F7-4668-BE54-9A1E7A4F7556}") = "ChoixPolices", "Cours_05\ChoixPolices\ChoixPolices.csproj", "{B12DD406-3ACA-4326-92FF-CECE29ED1C75}"
EndProject
Project("{9A19103F-16F7-4668-BE54-9A1E7A4F7556}") = "SliderBinding", "Cours_05\SliderBinding\SliderBinding.csproj", "{FE1ABE7E-3A6F-4405-93B2-DE565211C6CC}"
EndProject
Project("{2150E333-8FDC-42A3-9474-1A3956D46DE8}") = "Evaluation_1", "Evaluation_1", "{6E568FC1-C868-4A97-9472-7C151289A28A}"
EndProject
Project("{9A19103F-16F7-4668-BE54-9A1E7A4F7556}") = "Evaluation1", "Evaluation1\Evaluation1.csproj", "{70FE6871-1AA2-44EF-B5A1-6AC1C30D8E13}"
EndProject
Project("{2150E333-8FDC-42A3-9474-1A3956D46DE8}") = "Cours_06", "Cours_06", "{4430D73F-8E18-48C7-B9FB-F0D7086D072E}"
EndProject
Project("{9A19103F-16F7-4668-BE54-9A1E7A4F7556}") = "WpfDataBase", "Cours_06\WpfDataBase\WpfDataBase.csproj", "{E7498F28-0D8E-4DCC-B695-BA91AC90712D}"
EndProject
Project("{2150E333-8FDC-42A3-9474-1A3956D46DE8}") = "Cours_07", "Cours_07", "{CDD1F95F-B39E-4DFA-9619-46FA7F1BF320}"
EndProject
Project("{FAE04EC0-301F-11D3-BF4B-00C04F79EFBC}") = "WpfAppEntityFramework2", "Cours_08\WpfAppEntityFramework2\WpfAppEntityFramework2.csproj", "{6023B6FD-327F-4617-B3B3-AEADAC560395}"
EndProject
Project("{2150E333-8FDC-42A3-9474-1A3956D46DE8}") = "Cours_08", "Cours_08", "{085211F0-6621-4800-816B-9D78B2122B57}"
EndProject
Project("{9A19103F-16F7-4668-BE54-9A1E7A4F7556}") = "BindToXmlDataProvider", "Cours_08\BindToXmlDataProvider\BindToXmlDataProvider\BindToXmlDataProvider.csproj", "{069631B2-AAEA-4A48-BD14-4DFA9F2F140D}"
EndProject
Project("{9A19103F-16F7-4668-BE54-9A1E7A4F7556}") = "BindToCollection", "Cours_09\BindToCollection\BindToCollection.csproj", "{48555608-5D59-4458-BE5F-53958BDF65D1}"
EndProject
Project("{2150E333-8FDC-42A3-9474-1A3956D46DE8}") = "Cours_10", "Cours_10", "{08928B28-6EC7-4512-AB22-B8F265623DE5}"
EndProject
Project("{FAE04EC0-301F-11D3-BF4B-00C04F79EFBC}") = "WebApplicationEmpty", "Cours_10\WebApplicationEmpty\WebApplicationEmpty.csproj", "{7CCAF507-A18A-43A6-958B-39F3D0207CDD}"
EndProject
Project("{FAE04EC0-301F-11D3-BF4B-00C04F79EFBC}") = "WebApplicationMVC", "Cours_10\WebApplicationMVC\WebApplicationMVC.csproj", "{4014CD2E-45FB-456E-970B-72E8D9225380}"
EndProject
Project("{FAE04EC0-301F-11D3-BF4B-00C04F79EFBC}") = "WebApplicationSingPageApp", "Cours_10\WebApplicationSingPageApp\WebApplicationSingPageApp.csproj", "{F6E8ABF7-3C32-4B89-95AB-DAE751035363}"
EndProject
Project("{FAE04EC0-301F-11D3-BF4B-00C04F79EFBC}") = "WebApplicationWebApi", "Cours_10\WebApplicationWeApi\WebApplicationWebApi.csproj", "{D1BCA4CA-E1E5-4D92-AD86-EC9C80C6D593}"
EndProject
Project("{FAE04EC0-301F-11D3-BF4B-00C04F79EFBC}") = "WebApplicationWebForm", "Cours_10\WebApplicationWebForm\WebApplicationWebForm.csproj", "{71DE8425-AB96-4681-989C-4C08213F84E4}"
EndProject
Project("{2150E333-8FDC-42A3-9474-1A3956D46DE8}") = "Cours_09", "Cours_09", "{E83C8C9B-AE88-4A12-806D-18CD46D123ED}"
EndProject
Project("{2150E333-8FDC-42A3-9474-1A3956D46DE8}") = "Cours_11", "Cours_11", "{96274E64-1C7C-48B8-A3FA-EF5799D21585}"
EndProject
Project("{9A19103F-16F7-4668-BE54-9A1E7A4F7556}") = "WebApplicationRazorPages", "Cours_11\WebApplicationRazorPages\WebApplicationRazorPages.csproj", "{224FD0A7-7C7A-49A5-9A9A-035F396A2ADA}"
EndProject
Project("{9A19103F-16F7-4668-BE54-9A1E7A4F7556}") = "BindingMultiple", "_Temp\Code_cours13\Code\BindingMultiple\BindingMultiple.csproj", "{3AE9546D-B60C-47BE-8015-E30BC9CF915A}"
EndProject
Global
	GlobalSection(SolutionConfigurationPlatforms) = preSolution
		Debug|Any CPU = Debug|Any CPU
		Release|Any CPU = Release|Any CPU
	EndGlobalSection
	GlobalSection(ProjectConfigurationPlatforms) = postSolution
		{9E7C8AF3-C1B5-4BF9-867F-9D1E6E0154BB}.Debug|Any CPU.ActiveCfg = Debug|Any CPU
		{9E7C8AF3-C1B5-4BF9-867F-9D1E6E0154BB}.Debug|Any CPU.Build.0 = Debug|Any CPU
		{9E7C8AF3-C1B5-4BF9-867F-9D1E6E0154BB}.Release|Any CPU.ActiveCfg = Release|Any CPU
		{9E7C8AF3-C1B5-4BF9-867F-9D1E6E0154BB}.Release|Any CPU.Build.0 = Release|Any CPU
		{980AA935-7BA1-4E6C-BDEB-BDC38CF0D793}.Debug|Any CPU.ActiveCfg = Debug|Any CPU
		{980AA935-7BA1-4E6C-BDEB-BDC38CF0D793}.Debug|Any CPU.Build.0 = Debug|Any CPU
		{980AA935-7BA1-4E6C-BDEB-BDC38CF0D793}.Release|Any CPU.ActiveCfg = Release|Any CPU
		{980AA935-7BA1-4E6C-BDEB-BDC38CF0D793}.Release|Any CPU.Build.0 = Release|Any CPU
		{A466399D-5FF5-4E52-BF1B-61D25810E48B}.Debug|Any CPU.ActiveCfg = Debug|Any CPU
		{A466399D-5FF5-4E52-BF1B-61D25810E48B}.Debug|Any CPU.Build.0 = Debug|Any CPU
		{A466399D-5FF5-4E52-BF1B-61D25810E48B}.Release|Any CPU.ActiveCfg = Release|Any CPU
		{A466399D-5FF5-4E52-BF1B-61D25810E48B}.Release|Any CPU.Build.0 = Release|Any CPU
		{5030BF9B-A384-49B1-8683-F8A5ACA1F41A}.Debug|Any CPU.ActiveCfg = Debug|Any CPU
		{5030BF9B-A384-49B1-8683-F8A5ACA1F41A}.Debug|Any CPU.Build.0 = Debug|Any CPU
		{5030BF9B-A384-49B1-8683-F8A5ACA1F41A}.Release|Any CPU.ActiveCfg = Release|Any CPU
		{5030BF9B-A384-49B1-8683-F8A5ACA1F41A}.Release|Any CPU.Build.0 = Release|Any CPU
		{653DCC6A-0ED0-437F-B0C9-742CEF295824}.Debug|Any CPU.ActiveCfg = Debug|Any CPU
		{653DCC6A-0ED0-437F-B0C9-742CEF295824}.Debug|Any CPU.Build.0 = Debug|Any CPU
		{653DCC6A-0ED0-437F-B0C9-742CEF295824}.Release|Any CPU.ActiveCfg = Release|Any CPU
		{653DCC6A-0ED0-437F-B0C9-742CEF295824}.Release|Any CPU.Build.0 = Release|Any CPU
		{1CC42A33-4867-403B-AC7B-8C4CD28064F6}.Debug|Any CPU.ActiveCfg = Debug|Any CPU
		{1CC42A33-4867-403B-AC7B-8C4CD28064F6}.Debug|Any CPU.Build.0 = Debug|Any CPU
		{1CC42A33-4867-403B-AC7B-8C4CD28064F6}.Release|Any CPU.ActiveCfg = Release|Any CPU
		{1CC42A33-4867-403B-AC7B-8C4CD28064F6}.Release|Any CPU.Build.0 = Release|Any CPU
		{810595E4-6879-4075-8A99-AEEA945CA653}.Debug|Any CPU.ActiveCfg = Debug|Any CPU
		{810595E4-6879-4075-8A99-AEEA945CA653}.Debug|Any CPU.Build.0 = Debug|Any CPU
		{810595E4-6879-4075-8A99-AEEA945CA653}.Release|Any CPU.ActiveCfg = Release|Any CPU
		{810595E4-6879-4075-8A99-AEEA945CA653}.Release|Any CPU.Build.0 = Release|Any CPU
		{7190E0EC-E68C-4A6B-A2A5-C71AE78D180B}.Debug|Any CPU.ActiveCfg = Debug|Any CPU
		{7190E0EC-E68C-4A6B-A2A5-C71AE78D180B}.Debug|Any CPU.Build.0 = Debug|Any CPU
		{7190E0EC-E68C-4A6B-A2A5-C71AE78D180B}.Release|Any CPU.ActiveCfg = Release|Any CPU
		{7190E0EC-E68C-4A6B-A2A5-C71AE78D180B}.Release|Any CPU.Build.0 = Release|Any CPU
		{B12DD406-3ACA-4326-92FF-CECE29ED1C75}.Debug|Any CPU.ActiveCfg = Debug|Any CPU
		{B12DD406-3ACA-4326-92FF-CECE29ED1C75}.Debug|Any CPU.Build.0 = Debug|Any CPU
		{B12DD406-3ACA-4326-92FF-CECE29ED1C75}.Release|Any CPU.ActiveCfg = Release|Any CPU
		{B12DD406-3ACA-4326-92FF-CECE29ED1C75}.Release|Any CPU.Build.0 = Release|Any CPU
		{FE1ABE7E-3A6F-4405-93B2-DE565211C6CC}.Debug|Any CPU.ActiveCfg = Debug|Any CPU
		{FE1ABE7E-3A6F-4405-93B2-DE565211C6CC}.Debug|Any CPU.Build.0 = Debug|Any CPU
		{FE1ABE7E-3A6F-4405-93B2-DE565211C6CC}.Release|Any CPU.ActiveCfg = Release|Any CPU
		{FE1ABE7E-3A6F-4405-93B2-DE565211C6CC}.Release|Any CPU.Build.0 = Release|Any CPU
		{70FE6871-1AA2-44EF-B5A1-6AC1C30D8E13}.Debug|Any CPU.ActiveCfg = Debug|Any CPU
		{70FE6871-1AA2-44EF-B5A1-6AC1C30D8E13}.Debug|Any CPU.Build.0 = Debug|Any CPU
		{70FE6871-1AA2-44EF-B5A1-6AC1C30D8E13}.Release|Any CPU.ActiveCfg = Release|Any CPU
		{70FE6871-1AA2-44EF-B5A1-6AC1C30D8E13}.Release|Any CPU.Build.0 = Release|Any CPU
		{E7498F28-0D8E-4DCC-B695-BA91AC90712D}.Debug|Any CPU.ActiveCfg = Debug|Any CPU
		{E7498F28-0D8E-4DCC-B695-BA91AC90712D}.Debug|Any CPU.Build.0 = Debug|Any CPU
		{E7498F28-0D8E-4DCC-B695-BA91AC90712D}.Release|Any CPU.ActiveCfg = Release|Any CPU
		{E7498F28-0D8E-4DCC-B695-BA91AC90712D}.Release|Any CPU.Build.0 = Release|Any CPU
		{6023B6FD-327F-4617-B3B3-AEADAC560395}.Debug|Any CPU.ActiveCfg = Debug|Any CPU
		{6023B6FD-327F-4617-B3B3-AEADAC560395}.Debug|Any CPU.Build.0 = Debug|Any CPU
		{6023B6FD-327F-4617-B3B3-AEADAC560395}.Release|Any CPU.ActiveCfg = Release|Any CPU
		{6023B6FD-327F-4617-B3B3-AEADAC560395}.Release|Any CPU.Build.0 = Release|Any CPU
		{069631B2-AAEA-4A48-BD14-4DFA9F2F140D}.Debug|Any CPU.ActiveCfg = Debug|Any CPU
		{069631B2-AAEA-4A48-BD14-4DFA9F2F140D}.Debug|Any CPU.Build.0 = Debug|Any CPU
		{069631B2-AAEA-4A48-BD14-4DFA9F2F140D}.Release|Any CPU.ActiveCfg = Release|Any CPU
		{069631B2-AAEA-4A48-BD14-4DFA9F2F140D}.Release|Any CPU.Build.0 = Release|Any CPU
		{48555608-5D59-4458-BE5F-53958BDF65D1}.Debug|Any CPU.ActiveCfg = Debug|Any CPU
		{48555608-5D59-4458-BE5F-53958BDF65D1}.Debug|Any CPU.Build.0 = Debug|Any CPU
		{48555608-5D59-4458-BE5F-53958BDF65D1}.Release|Any CPU.ActiveCfg = Release|Any CPU
		{48555608-5D59-4458-BE5F-53958BDF65D1}.Release|Any CPU.Build.0 = Release|Any CPU
		{7CCAF507-A18A-43A6-958B-39F3D0207CDD}.Debug|Any CPU.ActiveCfg = Debug|Any CPU
		{7CCAF507-A18A-43A6-958B-39F3D0207CDD}.Debug|Any CPU.Build.0 = Debug|Any CPU
		{7CCAF507-A18A-43A6-958B-39F3D0207CDD}.Release|Any CPU.ActiveCfg = Release|Any CPU
		{7CCAF507-A18A-43A6-958B-39F3D0207CDD}.Release|Any CPU.Build.0 = Release|Any CPU
		{4014CD2E-45FB-456E-970B-72E8D9225380}.Debug|Any CPU.ActiveCfg = Debug|Any CPU
		{4014CD2E-45FB-456E-970B-72E8D9225380}.Debug|Any CPU.Build.0 = Debug|Any CPU
		{4014CD2E-45FB-456E-970B-72E8D9225380}.Release|Any CPU.ActiveCfg = Release|Any CPU
		{4014CD2E-45FB-456E-970B-72E8D9225380}.Release|Any CPU.Build.0 = Release|Any CPU
		{F6E8ABF7-3C32-4B89-95AB-DAE751035363}.Debug|Any CPU.ActiveCfg = Debug|Any CPU
		{F6E8ABF7-3C32-4B89-95AB-DAE751035363}.Debug|Any CPU.Build.0 = Debug|Any CPU
		{F6E8ABF7-3C32-4B89-95AB-DAE751035363}.Release|Any CPU.ActiveCfg = Release|Any CPU
		{F6E8ABF7-3C32-4B89-95AB-DAE751035363}.Release|Any CPU.Build.0 = Release|Any CPU
		{D1BCA4CA-E1E5-4D92-AD86-EC9C80C6D593}.Debug|Any CPU.ActiveCfg = Debug|Any CPU
		{D1BCA4CA-E1E5-4D92-AD86-EC9C80C6D593}.Debug|Any CPU.Build.0 = Debug|Any CPU
		{D1BCA4CA-E1E5-4D92-AD86-EC9C80C6D593}.Release|Any CPU.ActiveCfg = Release|Any CPU
		{D1BCA4CA-E1E5-4D92-AD86-EC9C80C6D593}.Release|Any CPU.Build.0 = Release|Any CPU
		{71DE8425-AB96-4681-989C-4C08213F84E4}.Debug|Any CPU.ActiveCfg = Debug|Any CPU
		{71DE8425-AB96-4681-989C-4C08213F84E4}.Debug|Any CPU.Build.0 = Debug|Any CPU
		{71DE8425-AB96-4681-989C-4C08213F84E4}.Release|Any CPU.ActiveCfg = Release|Any CPU
		{71DE8425-AB96-4681-989C-4C08213F84E4}.Release|Any CPU.Build.0 = Release|Any CPU
		{224FD0A7-7C7A-49A5-9A9A-035F396A2ADA}.Debug|Any CPU.ActiveCfg = Debug|Any CPU
		{224FD0A7-7C7A-49A5-9A9A-035F396A2ADA}.Debug|Any CPU.Build.0 = Debug|Any CPU
		{224FD0A7-7C7A-49A5-9A9A-035F396A2ADA}.Release|Any CPU.ActiveCfg = Release|Any CPU
		{224FD0A7-7C7A-49A5-9A9A-035F396A2ADA}.Release|Any CPU.Build.0 = Release|Any CPU
		{3AE9546D-B60C-47BE-8015-E30BC9CF915A}.Debug|Any CPU.ActiveCfg = Debug|Any CPU
		{3AE9546D-B60C-47BE-8015-E30BC9CF915A}.Debug|Any CPU.Build.0 = Debug|Any CPU
		{3AE9546D-B60C-47BE-8015-E30BC9CF915A}.Release|Any CPU.ActiveCfg = Release|Any CPU
		{3AE9546D-B60C-47BE-8015-E30BC9CF915A}.Release|Any CPU.Build.0 = Release|Any CPU
	EndGlobalSection
	GlobalSection(SolutionProperties) = preSolution
		HideSolutionNode = FALSE
	EndGlobalSection
	GlobalSection(NestedProjects) = preSolution
		{9E7C8AF3-C1B5-4BF9-867F-9D1E6E0154BB} = {57BFDC3B-43B4-44B3-8B48-72EB5810BD48}
		{980AA935-7BA1-4E6C-BDEB-BDC38CF0D793} = {F964785B-4550-41C9-AED5-CC3BC2CC78D5}
		{A466399D-5FF5-4E52-BF1B-61D25810E48B} = {F964785B-4550-41C9-AED5-CC3BC2CC78D5}
		{5030BF9B-A384-49B1-8683-F8A5ACA1F41A} = {98CCFA6D-A32C-4122-9D86-C8295DE2F4B5}
		{653DCC6A-0ED0-437F-B0C9-742CEF295824} = {98CCFA6D-A32C-4122-9D86-C8295DE2F4B5}
		{1CC42A33-4867-403B-AC7B-8C4CD28064F6} = {98CCFA6D-A32C-4122-9D86-C8295DE2F4B5}
		{810595E4-6879-4075-8A99-AEEA945CA653} = {EAF590EC-6DD8-44A4-A1A0-BBAED317C7D1}
		{7190E0EC-E68C-4A6B-A2A5-C71AE78D180B} = {67DE8DC5-6580-4D6A-9247-F234A09546DE}
		{B12DD406-3ACA-4326-92FF-CECE29ED1C75} = {67DE8DC5-6580-4D6A-9247-F234A09546DE}
		{FE1ABE7E-3A6F-4405-93B2-DE565211C6CC} = {67DE8DC5-6580-4D6A-9247-F234A09546DE}
		{70FE6871-1AA2-44EF-B5A1-6AC1C30D8E13} = {6E568FC1-C868-4A97-9472-7C151289A28A}
		{E7498F28-0D8E-4DCC-B695-BA91AC90712D} = {4430D73F-8E18-48C7-B9FB-F0D7086D072E}
		{6023B6FD-327F-4617-B3B3-AEADAC560395} = {CDD1F95F-B39E-4DFA-9619-46FA7F1BF320}
		{069631B2-AAEA-4A48-BD14-4DFA9F2F140D} = {085211F0-6621-4800-816B-9D78B2122B57}
		{48555608-5D59-4458-BE5F-53958BDF65D1} = {E83C8C9B-AE88-4A12-806D-18CD46D123ED}
		{7CCAF507-A18A-43A6-958B-39F3D0207CDD} = {08928B28-6EC7-4512-AB22-B8F265623DE5}
		{4014CD2E-45FB-456E-970B-72E8D9225380} = {08928B28-6EC7-4512-AB22-B8F265623DE5}
		{F6E8ABF7-3C32-4B89-95AB-DAE751035363} = {08928B28-6EC7-4512-AB22-B8F265623DE5}
		{D1BCA4CA-E1E5-4D92-AD86-EC9C80C6D593} = {08928B28-6EC7-4512-AB22-B8F265623DE5}
		{71DE8425-AB96-4681-989C-4C08213F84E4} = {08928B28-6EC7-4512-AB22-B8F265623DE5}
		{224FD0A7-7C7A-49A5-9A9A-035F396A2ADA} = {96274E64-1C7C-48B8-A3FA-EF5799D21585}
		{3AE9546D-B60C-47BE-8015-E30BC9CF915A} = {F964785B-4550-41C9-AED5-CC3BC2CC78D5}
	EndGlobalSection
	GlobalSection(ExtensibilityGlobals) = postSolution
		SolutionGuid = {6557DB8C-0AE1-4064-8441-A76080F0F663}
	EndGlobalSection
EndGlobal
