
Microsoft Visual Studio Solution File, Format Version 12.00
# Visual Studio Version 17
VisualStudioVersion = 17.2.32616.157
MinimumVisualStudioVersion = 10.0.40219.1
Project("{FAE04EC0-301F-11D3-BF4B-00C04F79EFBC}") = "Li_Projet_803", "Li_Projet_803\Li_Projet_803.csproj", "{13E3099E-3A2C-477C-BEF9-67A51A416128}"
EndProject
Global
	GlobalSection(SolutionConfigurationPlatforms) = preSolution
		Debug|Any CPU = Debug|Any CPU
		Release|Any CPU = Release|Any CPU
	EndGlobalSection
	GlobalSection(ProjectConfigurationPlatforms) = postSolution
		{13E3099E-3A2C-477C-BEF9-67A51A416128}.Debug|Any CPU.ActiveCfg = Debug|Any CPU
		{13E3099E-3A2C-477C-BEF9-67A51A416128}.Debug|Any CPU.Build.0 = Debug|Any CPU
		{13E3099E-3A2C-477C-BEF9-67A51A416128}.Release|Any CPU.ActiveCfg = Release|Any CPU
		{13E3099E-3A2C-477C-BEF9-67A51A416128}.Release|Any CPU.Build.0 = Release|Any CPU
	EndGlobalSection
	GlobalSection(SolutionProperties) = preSolution
		HideSolutionNode = FALSE
	EndGlobalSection
	GlobalSection(ExtensibilityGlobals) = postSolution
		SolutionGuid = {20C241E2-8951-4597-8C32-6A015BD059B2}
	EndGlobalSection
EndGlobal
