
Microsoft Visual Studio Solution File, Format Version 12.00
# Visual Studio Version 17
VisualStudioVersion = 17.3.32929.385
MinimumVisualStudioVersion = 10.0.40219.1
Project("{FAE04EC0-301F-11D3-BF4B-00C04F79EFBC}") = "WebApplicationEmpty", "WebApplicationEmpty.csproj", "{7CCAF507-A18A-43A6-958B-39F3D0207CDD}"
EndProject
Project("{FAE04EC0-301F-11D3-BF4B-00C04F79EFBC}") = "WebApplicationWebForm", "..\WebApplicationWebForm\WebApplicationWebForm.csproj", "{71DE8425-AB96-4681-989C-4C08213F84E4}"
EndProject
Project("{FAE04EC0-301F-11D3-BF4B-00C04F79EFBC}") = "WebApplicationMVC", "..\WebApplicationMVC\WebApplicationMVC.csproj", "{4014CD2E-45FB-456E-970B-72E8D9225380}"
EndProject
Project("{FAE04EC0-301F-11D3-BF4B-00C04F79EFBC}") = "WebApplicationWeApi", "..\WebApplicationWeApi\WebApplicationWeApi.csproj", "{D1BCA4CA-E1E5-4D92-AD86-EC9C80C6D593}"
EndProject
Project("{FAE04EC0-301F-11D3-BF4B-00C04F79EFBC}") = "WebApplicationSingPageApp", "..\WebApplicationSingPageApp\WebApplicationSingPageApp.csproj", "{F6E8ABF7-3C32-4B89-95AB-DAE751035363}"
EndProject
Project("{FAE04EC0-301F-11D3-BF4B-00C04F79EFBC}") = "Cours_09_Exercice03", "..\Cours_09_Exercice03\Cours_09_Exercice03.csproj", "{7590F5F6-F3BE-420E-929D-F4F4638188EE}"
EndProject
Global
	GlobalSection(SolutionConfigurationPlatforms) = preSolution
		Debug|Any CPU = Debug|Any CPU
		Release|Any CPU = Release|Any CPU
	EndGlobalSection
	GlobalSection(ProjectConfigurationPlatforms) = postSolution
		{7CCAF507-A18A-43A6-958B-39F3D0207CDD}.Debug|Any CPU.ActiveCfg = Debug|Any CPU
		{7CCAF507-A18A-43A6-958B-39F3D0207CDD}.Debug|Any CPU.Build.0 = Debug|Any CPU
		{7CCAF507-A18A-43A6-958B-39F3D0207CDD}.Release|Any CPU.ActiveCfg = Release|Any CPU
		{7CCAF507-A18A-43A6-958B-39F3D0207CDD}.Release|Any CPU.Build.0 = Release|Any CPU
		{71DE8425-AB96-4681-989C-4C08213F84E4}.Debug|Any CPU.ActiveCfg = Debug|Any CPU
		{71DE8425-AB96-4681-989C-4C08213F84E4}.Debug|Any CPU.Build.0 = Debug|Any CPU
		{71DE8425-AB96-4681-989C-4C08213F84E4}.Release|Any CPU.ActiveCfg = Release|Any CPU
		{71DE8425-AB96-4681-989C-4C08213F84E4}.Release|Any CPU.Build.0 = Release|Any CPU
		{4014CD2E-45FB-456E-970B-72E8D9225380}.Debug|Any CPU.ActiveCfg = Debug|Any CPU
		{4014CD2E-45FB-456E-970B-72E8D9225380}.Debug|Any CPU.Build.0 = Debug|Any CPU
		{4014CD2E-45FB-456E-970B-72E8D9225380}.Release|Any CPU.ActiveCfg = Release|Any CPU
		{4014CD2E-45FB-456E-970B-72E8D9225380}.Release|Any CPU.Build.0 = Release|Any CPU
		{D1BCA4CA-E1E5-4D92-AD86-EC9C80C6D593}.Debug|Any CPU.ActiveCfg = Debug|Any CPU
		{D1BCA4CA-E1E5-4D92-AD86-EC9C80C6D593}.Debug|Any CPU.Build.0 = Debug|Any CPU
		{D1BCA4CA-E1E5-4D92-AD86-EC9C80C6D593}.Release|Any CPU.ActiveCfg = Release|Any CPU
		{D1BCA4CA-E1E5-4D92-AD86-EC9C80C6D593}.Release|Any CPU.Build.0 = Release|Any CPU
		{F6E8ABF7-3C32-4B89-95AB-DAE751035363}.Debug|Any CPU.ActiveCfg = Debug|Any CPU
		{F6E8ABF7-3C32-4B89-95AB-DAE751035363}.Debug|Any CPU.Build.0 = Debug|Any CPU
		{F6E8ABF7-3C32-4B89-95AB-DAE751035363}.Release|Any CPU.ActiveCfg = Release|Any CPU
		{F6E8ABF7-3C32-4B89-95AB-DAE751035363}.Release|Any CPU.Build.0 = Release|Any CPU
		{7590F5F6-F3BE-420E-929D-F4F4638188EE}.Debug|Any CPU.ActiveCfg = Debug|Any CPU
		{7590F5F6-F3BE-420E-929D-F4F4638188EE}.Debug|Any CPU.Build.0 = Debug|Any CPU
		{7590F5F6-F3BE-420E-929D-F4F4638188EE}.Release|Any CPU.ActiveCfg = Release|Any CPU
		{7590F5F6-F3BE-420E-929D-F4F4638188EE}.Release|Any CPU.Build.0 = Release|Any CPU
	EndGlobalSection
	GlobalSection(SolutionProperties) = preSolution
		HideSolutionNode = FALSE
	EndGlobalSection
	GlobalSection(ExtensibilityGlobals) = postSolution
		SolutionGuid = {62C976BF-8038-4254-BE3C-EA54C708A25E}
	EndGlobalSection
EndGlobal
